
Microsoft Visual Studio Solution File, Format Version 12.00
# Visual Studio Version 17
VisualStudioVersion = 17.4.33110.190
MinimumVisualStudioVersion = 10.0.40219.1
Project("{FAE04EC0-301F-11D3-BF4B-00C04F79EFBC}") = "Task manager v2", "Task manager v2\Task manager v2.csproj", "{393608A0-E1D6-4E02-80F8-E548747AB96C}"
EndProject
Global
	GlobalSection(SolutionConfigurationPlatforms) = preSolution
		Debug|Any CPU = Debug|Any CPU
		Release|Any CPU = Release|Any CPU
	EndGlobalSection
	GlobalSection(ProjectConfigurationPlatforms) = postSolution
		{393608A0-E1D6-4E02-80F8-E548747AB96C}.Debug|Any CPU.ActiveCfg = Debug|Any CPU
		{393608A0-E1D6-4E02-80F8-E548747AB96C}.Debug|Any CPU.Build.0 = Debug|Any CPU
		{393608A0-E1D6-4E02-80F8-E548747AB96C}.Release|Any CPU.ActiveCfg = Release|Any CPU
		{393608A0-E1D6-4E02-80F8-E548747AB96C}.Release|Any CPU.Build.0 = Release|Any CPU
	EndGlobalSection
	GlobalSection(SolutionProperties) = preSolution
		HideSolutionNode = FALSE
	EndGlobalSection
	GlobalSection(ExtensibilityGlobals) = postSolution
		SolutionGuid = {BAC9E854-8A20-4496-8E2F-7E00AE6EE976}
	EndGlobalSection
EndGlobal
